
Microsoft Visual Studio Solution File, Format Version 12.00
# Visual Studio Version 17
VisualStudioVersion = 17.11.35312.102
MinimumVisualStudioVersion = 10.0.40219.1
Project("{F184B08F-C81C-45F6-A57F-5ABD9991F28F}") = "testing", "testing\testing.vbproj", "{7A2BE464-6350-423C-840F-E1FBD1DE1408}"
EndProject
Global
	GlobalSection(SolutionConfigurationPlatforms) = preSolution
		Debug|Any CPU = Debug|Any CPU
		Release|Any CPU = Release|Any CPU
	EndGlobalSection
	GlobalSection(ProjectConfigurationPlatforms) = postSolution
		{7A2BE464-6350-423C-840F-E1FBD1DE1408}.Debug|Any CPU.ActiveCfg = Debug|Any CPU
		{7A2BE464-6350-423C-840F-E1FBD1DE1408}.Debug|Any CPU.Build.0 = Debug|Any CPU
		{7A2BE464-6350-423C-840F-E1FBD1DE1408}.Release|Any CPU.ActiveCfg = Release|Any CPU
		{7A2BE464-6350-423C-840F-E1FBD1DE1408}.Release|Any CPU.Build.0 = Release|Any CPU
	EndGlobalSection
	GlobalSection(SolutionProperties) = preSolution
		HideSolutionNode = FALSE
	EndGlobalSection
	GlobalSection(ExtensibilityGlobals) = postSolution
		SolutionGuid = {3A5E0536-EAAC-415C-A929-FA681CB6E104}
	EndGlobalSection
EndGlobal
